version: 1
slug: the-interlock
name: "The Interlock"
integration_method: llm_crawler
defaults:
  venue_name: "The Interlock"
  category: community
  tags:
  - atlanta-expansion-wave-y
discovery:
  enabled: true
  type: list
  urls:
  - "https://theinterlockatl.com/events/"
  fetch:
    render_js: false
    wait_until: load
    timeout_ms: 20000
detail:
  enabled: true
  fetch:
    render_js: false
    wait_until: load
    timeout_ms: 20000
data_goals:
  - events
  - lineup
  - images
  - tickets
